
Microsoft Visual Studio Solution File, Format Version 12.00
# Visual Studio Version 16
VisualStudioVersion = 16.0.31129.286
MinimumVisualStudioVersion = 10.0.40219.1
Project("{FAE04EC0-301F-11D3-BF4B-00C04F79EFBC}") = "MvcMovie", "MvcMovie\MvcMovie.csproj", "{7597CFCA-B08C-43F1-9875-4E97F7B69030}"
EndProject
Global
	GlobalSection(SolutionConfigurationPlatforms) = preSolution
		Debug|Any CPU = Debug|Any CPU
		Release|Any CPU = Release|Any CPU
	EndGlobalSection
	GlobalSection(ProjectConfigurationPlatforms) = postSolution
		{7597CFCA-B08C-43F1-9875-4E97F7B69030}.Debug|Any CPU.ActiveCfg = Debug|Any CPU
		{7597CFCA-B08C-43F1-9875-4E97F7B69030}.Debug|Any CPU.Build.0 = Debug|Any CPU
		{7597CFCA-B08C-43F1-9875-4E97F7B69030}.Release|Any CPU.ActiveCfg = Release|Any CPU
		{7597CFCA-B08C-43F1-9875-4E97F7B69030}.Release|Any CPU.Build.0 = Release|Any CPU
	EndGlobalSection
	GlobalSection(SolutionProperties) = preSolution
		HideSolutionNode = FALSE
	EndGlobalSection
	GlobalSection(ExtensibilityGlobals) = postSolution
		SolutionGuid = {D43915DF-F985-4032-8176-D25136786D7D}
	EndGlobalSection
EndGlobal
